{
  "object": {
    "pins": [
      {
        "package": "BSON",
        "repositoryURL": "https://github.com/OpenKitten/BSON.git",
        "state": {
          "branch": null,
          "revision": "efa59a5cd635b5114ca7484cb74b0ae8f24b4d86",
          "version": "7.0.13"
        }
      },
      {
        "package": "fluent-kit",
        "repositoryURL": "https://github.com/vapor/fluent-kit.git",
        "state": {
          "branch": null,
          "revision": "92c3ed001c2f74443d17f93b93604723a9064e1f",
          "version": "1.0.0-beta.4.4"
        }
      },
      {
        "package": "MongoKitten",
        "repositoryURL": "https://github.com/OpenKitten/MongoKitten.git",
        "state": {
          "branch": null,
          "revision": "e4fb0a7033a890e017e2212c15822f026e4d0c36",
          "version": "6.0.4"
        }
      },
      {
        "package": "DNSClient",
        "repositoryURL": "https://github.com/openkitten/NioDNS.git",
        "state": {
          "branch": null,
          "revision": "573159c63fa3dd7a01c5df3789ca917f0c816f9a",
          "version": "2.0.0"
        }
      },
      {
        "package": "sql-kit",
        "repositoryURL": "https://github.com/vapor/sql-kit.git",
        "state": {
          "branch": null,
          "revision": "85077880568b755badc594d5d5cfe3020a5e87c3",
          "version": "3.0.0-beta.6.5"
        }
      },
      {
        "package": "swift-log",
        "repositoryURL": "https://github.com/apple/swift-log.git",
        "state": {
          "branch": null,
          "revision": "74d7b91ceebc85daf387ebb206003f78813f71aa",
          "version": "1.2.0"
        }
      },
      {
        "package": "swift-metrics",
        "repositoryURL": "https://github.com/apple/swift-metrics.git",
        "state": {
          "branch": null,
          "revision": "09b72f68ed9b01b614c12855fc7e22876b97a97e",
          "version": "1.2.1"
        }
      },
      {
        "package": "swift-nio",
        "repositoryURL": "https://github.com/apple/swift-nio.git",
        "state": {
          "branch": null,
          "revision": "16ab4d657e1ad4e77bd5f8b94af8538561643053",
          "version": "2.14.0"
        }
      },
      {
        "package": "swift-nio-ssl",
        "repositoryURL": "https://github.com/apple/swift-nio-ssl.git",
        "state": {
          "branch": null,
          "revision": "af46d9b58fafbb76f9b01177568d435a1b024f99",
          "version": "2.6.2"
        }
      }
    ]
  },
  "version": 1
}
